// !$*UTF8*$!
{
	archiveVersion = 1;
	classes = {
	};
	objectVersion = 51;
	objects = {

/* Begin PBXBuildFile section */
		14F67A675AC85434FBE15C06 /* Pods_IosNativeApp.framework in Frameworks */ = {isa = PBXBuildFile; fileRef = B71D41CCCB37716044D3EB10 /* Pods_IosNativeApp.framework */; };
		702811D12580E6480037E9BF /* AppDelegate.swift in Sources */ = {isa = PBXBuildFile; fileRef = 702811D02580E6480037E9BF /* AppDelegate.swift */; };
		702811D32580E6480037E9BF /* SceneDelegate.swift in Sources */ = {isa = PBXBuildFile; fileRef = 702811D22580E6480037E9BF /* SceneDelegate.swift */; };
		702811D52580E6480037E9BF /* ViewController.swift in Sources */ = {isa = PBXBuildFile; fileRef = 702811D42580E6480037E9BF /* ViewController.swift */; };
		702811D82580E6480037E9BF /* Main.storyboard in Resources */ = {isa = PBXBuildFile; fileRef = 702811D62580E6480037E9BF /* Main.storyboard */; };
		702811DA2580E6480037E9BF /* Assets.xcassets in Resources */ = {isa = PBXBuildFile; fileRef = 702811D92580E6480037E9BF /* Assets.xcassets */; };
		702811DD2580E6480037E9BF /* LaunchScreen.storyboard in Resources */ = {isa = PBXBuildFile; fileRef = 702811DB2580E6480037E9BF /* LaunchScreen.storyboard */; };
		702811E72580E73E0037E9BF /* RootController.swift in Sources */ = {isa = PBXBuildFile; fileRef = 702811E62580E73E0037E9BF /* RootController.swift */; };
		702811EE2580E7710037E9BF /* UsersController.swift in Sources */ = {isa = PBXBuildFile; fileRef = 702811ED2580E7710037E9BF /* UsersController.swift */; };
		702811F22580E8580037E9BF /* ChatsController.swift in Sources */ = {isa = PBXBuildFile; fileRef = 702811F12580E8580037E9BF /* ChatsController.swift */; };
		702811F72580ED340037E9BF /* DeviceDataService.swift in Sources */ = {isa = PBXBuildFile; fileRef = 702811F62580ED340037E9BF /* DeviceDataService.swift */; };
		702811FB2580EDE10037E9BF /* AuthConstants.swift in Sources */ = {isa = PBXBuildFile; fileRef = 702811FA2580EDE10037E9BF /* AuthConstants.swift */; };
		7050A2602584DAD700E1473C /* ChatControllerV2.swift in Sources */ = {isa = PBXBuildFile; fileRef = 7050A25F2584DAD700E1473C /* ChatControllerV2.swift */; };
		7050A2632584E09600E1473C /* MyMessageCell.swift in Sources */ = {isa = PBXBuildFile; fileRef = 7050A2622584E09600E1473C /* MyMessageCell.swift */; };
		7050A2662584E6E400E1473C /* StringExtension.swift in Sources */ = {isa = PBXBuildFile; fileRef = 7050A2652584E6E400E1473C /* StringExtension.swift */; };
		7050A26925851C7A00E1473C /* CursorModel.swift in Sources */ = {isa = PBXBuildFile; fileRef = 7050A26825851C7A00E1473C /* CursorModel.swift */; };
		7050A26D25851F6F00E1473C /* OtherMessageCell.swift in Sources */ = {isa = PBXBuildFile; fileRef = 7050A26C25851F6F00E1473C /* OtherMessageCell.swift */; };
		7050A2702585491E00E1473C /* ChatsSocketIOService.swift in Sources */ = {isa = PBXBuildFile; fileRef = 7050A26F2585491E00E1473C /* ChatsSocketIOService.swift */; };
		7050A273258553E800E1473C /* ChatRoomModel.swift in Sources */ = {isa = PBXBuildFile; fileRef = 7050A272258553E800E1473C /* ChatRoomModel.swift */; };
		706FC1732580EFFD000A97E5 /* SignInController.swift in Sources */ = {isa = PBXBuildFile; fileRef = 706FC1722580EFFC000A97E5 /* SignInController.swift */; };
		706FC1772580F1B6000A97E5 /* TextInputTypeOne.swift in Sources */ = {isa = PBXBuildFile; fileRef = 706FC1762580F1B6000A97E5 /* TextInputTypeOne.swift */; };
		706FC17C2580F548000A97E5 /* UIViewControllerExtensions.swift in Sources */ = {isa = PBXBuildFile; fileRef = 706FC17B2580F548000A97E5 /* UIViewControllerExtensions.swift */; };
		706FC17F2581061F000A97E5 /* SignUpController.swift in Sources */ = {isa = PBXBuildFile; fileRef = 706FC17E2581061F000A97E5 /* SignUpController.swift */; };
		706FC18225810A23000A97E5 /* RootConstants.swift in Sources */ = {isa = PBXBuildFile; fileRef = 706FC18125810A23000A97E5 /* RootConstants.swift */; };
		7072D7362582594900A30009 /* UserService.swift in Sources */ = {isa = PBXBuildFile; fileRef = 7072D7352582594900A30009 /* UserService.swift */; };
		7072D745258259E600A30009 /* EndpointConstants.swift in Sources */ = {isa = PBXBuildFile; fileRef = 7072D744258259E600A30009 /* EndpointConstants.swift */; };
		7072D74925825B0B00A30009 /* UserModel.swift in Sources */ = {isa = PBXBuildFile; fileRef = 7072D74825825B0B00A30009 /* UserModel.swift */; };
		7072D74D25825E0500A30009 /* LoadingView.swift in Sources */ = {isa = PBXBuildFile; fileRef = 7072D74C25825E0500A30009 /* LoadingView.swift */; };
		7072D75025825F9600A30009 /* UIViewExtenstions.swift in Sources */ = {isa = PBXBuildFile; fileRef = 7072D74F25825F9600A30009 /* UIViewExtenstions.swift */; };
		707687D82583992700C7E519 /* UserProfileImageView.swift in Sources */ = {isa = PBXBuildFile; fileRef = 707687D72583992700C7E519 /* UserProfileImageView.swift */; };
		707D260925827C2D00B784C9 /* UserCellTypeOne.swift in Sources */ = {isa = PBXBuildFile; fileRef = 707D260825827C2D00B784C9 /* UserCellTypeOne.swift */; };
		707DD43825812A37002CDBC8 /* ImagePicker.swift in Sources */ = {isa = PBXBuildFile; fileRef = 707DD43725812A37002CDBC8 /* ImagePicker.swift */; };
		707F4536258794180080EE77 /* UnreadBadgeView.swift in Sources */ = {isa = PBXBuildFile; fileRef = 707F4535258794180080EE77 /* UnreadBadgeView.swift */; };
		70807E142585DA66004DFA4E /* ChatRoomCell.swift in Sources */ = {isa = PBXBuildFile; fileRef = 70807E132585DA66004DFA4E /* ChatRoomCell.swift */; };
		70807E172585E3A1004DFA4E /* DateUtil.swift in Sources */ = {isa = PBXBuildFile; fileRef = 70807E162585E3A1004DFA4E /* DateUtil.swift */; };
		70807E1A2585EAA2004DFA4E /* DateLabel.swift in Sources */ = {isa = PBXBuildFile; fileRef = 70807E192585EAA2004DFA4E /* DateLabel.swift */; };
		70807E25258607B8004DFA4E /* DateLineView.swift in Sources */ = {isa = PBXBuildFile; fileRef = 70807E24258607B8004DFA4E /* DateLineView.swift */; };
		709B33D22586854E00B8A2FA /* UnreadMessageLabel.swift in Sources */ = {isa = PBXBuildFile; fileRef = 709B33D12586854E00B8A2FA /* UnreadMessageLabel.swift */; };
		70C807482584838B00DA991B /* ChatSocketIOService.swift in Sources */ = {isa = PBXBuildFile; fileRef = 70C807472584838B00DA991B /* ChatSocketIOService.swift */; };
		70C8074B2584B79D00DA991B /* MessageModel.swift in Sources */ = {isa = PBXBuildFile; fileRef = 70C8074A2584B79D00DA991B /* MessageModel.swift */; };
		70C8074F2584BDC100DA991B /* ChatTextInput.swift in Sources */ = {isa = PBXBuildFile; fileRef = 70C8074E2584BDC100DA991B /* ChatTextInput.swift */; };
		70D7B881258120340022E3E3 /* GoogleService-Info.plist in Resources */ = {isa = PBXBuildFile; fileRef = 70D7B880258120340022E3E3 /* GoogleService-Info.plist */; };
		70D7B88F258120E50022E3E3 /* DataService.swift in Sources */ = {isa = PBXBuildFile; fileRef = 70D7B88E258120E50022E3E3 /* DataService.swift */; };
		70D7B892258122E10022E3E3 /* UploadProfileImageView.swift in Sources */ = {isa = PBXBuildFile; fileRef = 70D7B891258122E10022E3E3 /* UploadProfileImageView.swift */; };
		70F7475D2583CEE000A30594 /* ChatService.swift in Sources */ = {isa = PBXBuildFile; fileRef = 70F7475C2583CEE000A30594 /* ChatService.swift */; };
/* End PBXBuildFile section */

/* Begin PBXFileReference section */
		440B9FD199F0F22585E70253 /* Pods-IosNativeApp.release.xcconfig */ = {isa = PBXFileReference; includeInIndex = 1; lastKnownFileType = text.xcconfig; name = "Pods-IosNativeApp.release.xcconfig"; path = "Target Support Files/Pods-IosNativeApp/Pods-IosNativeApp.release.xcconfig"; sourceTree = "<group>"; };
		702811CD2580E6470037E9BF /* IosNativeApp.app */ = {isa = PBXFileReference; explicitFileType = wrapper.application; includeInIndex = 0; path = IosNativeApp.app; sourceTree = BUILT_PRODUCTS_DIR; };
		702811D02580E6480037E9BF /* AppDelegate.swift */ = {isa = PBXFileReference; lastKnownFileType = sourcecode.swift; path = AppDelegate.swift; sourceTree = "<group>"; };
		702811D22580E6480037E9BF /* SceneDelegate.swift */ = {isa = PBXFileReference; lastKnownFileType = sourcecode.swift; path = SceneDelegate.swift; sourceTree = "<group>"; };
		702811D42580E6480037E9BF /* ViewController.swift */ = {isa = PBXFileReference; lastKnownFileType = sourcecode.swift; path = ViewController.swift; sourceTree = "<group>"; };
		702811D72580E6480037E9BF /* Base */ = {isa = PBXFileReference; lastKnownFileType = file.storyboard; name = Base; path = Base.lproj/Main.storyboard; sourceTree = "<group>"; };
		702811D92580E6480037E9BF /* Assets.xcassets */ = {isa = PBXFileReference; lastKnownFileType = folder.assetcatalog; path = Assets.xcassets; sourceTree = "<group>"; };
		702811DC2580E6480037E9BF /* Base */ = {isa = PBXFileReference; lastKnownFileType = file.storyboard; name = Base; path = Base.lproj/LaunchScreen.storyboard; sourceTree = "<group>"; };
		702811DE2580E6490037E9BF /* Info.plist */ = {isa = PBXFileReference; lastKnownFileType = text.plist.xml; path = Info.plist; sourceTree = "<group>"; };
		702811E62580E73E0037E9BF /* RootController.swift */ = {isa = PBXFileReference; lastKnownFileType = sourcecode.swift; path = RootController.swift; sourceTree = "<group>"; };
		702811ED2580E7710037E9BF /* UsersController.swift */ = {isa = PBXFileReference; lastKnownFileType = sourcecode.swift; path = UsersController.swift; sourceTree = "<group>"; };
		702811F12580E8580037E9BF /* ChatsController.swift */ = {isa = PBXFileReference; lastKnownFileType = sourcecode.swift; path = ChatsController.swift; sourceTree = "<group>"; };
		702811F62580ED340037E9BF /* DeviceDataService.swift */ = {isa = PBXFileReference; lastKnownFileType = sourcecode.swift; path = DeviceDataService.swift; sourceTree = "<group>"; };
		702811FA2580EDE10037E9BF /* AuthConstants.swift */ = {isa = PBXFileReference; lastKnownFileType = sourcecode.swift; path = AuthConstants.swift; sourceTree = "<group>"; };
		7050A25F2584DAD700E1473C /* ChatControllerV2.swift */ = {isa = PBXFileReference; lastKnownFileType = sourcecode.swift; path = ChatControllerV2.swift; sourceTree = "<group>"; };
		7050A2622584E09600E1473C /* MyMessageCell.swift */ = {isa = PBXFileReference; lastKnownFileType = sourcecode.swift; path = MyMessageCell.swift; sourceTree = "<group>"; };
		7050A2652584E6E400E1473C /* StringExtension.swift */ = {isa = PBXFileReference; lastKnownFileType = sourcecode.swift; path = StringExtension.swift; sourceTree = "<group>"; };
		7050A26825851C7A00E1473C /* CursorModel.swift */ = {isa = PBXFileReference; lastKnownFileType = sourcecode.swift; path = CursorModel.swift; sourceTree = "<group>"; };
		7050A26C25851F6F00E1473C /* OtherMessageCell.swift */ = {isa = PBXFileReference; lastKnownFileType = sourcecode.swift; path = OtherMessageCell.swift; sourceTree = "<group>"; };
		7050A26F2585491E00E1473C /* ChatsSocketIOService.swift */ = {isa = PBXFileReference; lastKnownFileType = sourcecode.swift; path = ChatsSocketIOService.swift; sourceTree = "<group>"; };
		7050A272258553E800E1473C /* ChatRoomModel.swift */ = {isa = PBXFileReference; lastKnownFileType = sourcecode.swift; path = ChatRoomModel.swift; sourceTree = "<group>"; };
		706FC1722580EFFC000A97E5 /* SignInController.swift */ = {isa = PBXFileReference; lastKnownFileType = sourcecode.swift; path = SignInController.swift; sourceTree = "<group>"; };
		706FC1762580F1B6000A97E5 /* TextInputTypeOne.swift */ = {isa = PBXFileReference; lastKnownFileType = sourcecode.swift; path = TextInputTypeOne.swift; sourceTree = "<group>"; };
		706FC17B2580F548000A97E5 /* UIViewControllerExtensions.swift */ = {isa = PBXFileReference; lastKnownFileType = sourcecode.swift; path = UIViewControllerExtensions.swift; sourceTree = "<group>"; };
		706FC17E2581061F000A97E5 /* SignUpController.swift */ = {isa = PBXFileReference; lastKnownFileType = sourcecode.swift; path = SignUpController.swift; sourceTree = "<group>"; };
		706FC18125810A23000A97E5 /* RootConstants.swift */ = {isa = PBXFileReference; lastKnownFileType = sourcecode.swift; path = RootConstants.swift; sourceTree = "<group>"; };
		7072D7352582594900A30009 /* UserService.swift */ = {isa = PBXFileReference; lastKnownFileType = sourcecode.swift; path = UserService.swift; sourceTree = "<group>"; };
		7072D744258259E600A30009 /* EndpointConstants.swift */ = {isa = PBXFileReference; lastKnownFileType = sourcecode.swift; path = EndpointConstants.swift; sourceTree = "<group>"; };
		7072D74825825B0B00A30009 /* UserModel.swift */ = {isa = PBXFileReference; lastKnownFileType = sourcecode.swift; path = UserModel.swift; sourceTree = "<group>"; };
		7072D74C25825E0500A30009 /* LoadingView.swift */ = {isa = PBXFileReference; lastKnownFileType = sourcecode.swift; path = LoadingView.swift; sourceTree = "<group>"; };
		7072D74F25825F9600A30009 /* UIViewExtenstions.swift */ = {isa = PBXFileReference; lastKnownFileType = sourcecode.swift; path = UIViewExtenstions.swift; sourceTree = "<group>"; };
		707687D72583992700C7E519 /* UserProfileImageView.swift */ = {isa = PBXFileReference; lastKnownFileType = sourcecode.swift; path = UserProfileImageView.swift; sourceTree = "<group>"; };
		707D260825827C2D00B784C9 /* UserCellTypeOne.swift */ = {isa = PBXFileReference; lastKnownFileType = sourcecode.swift; path = UserCellTypeOne.swift; sourceTree = "<group>"; };
		707DD43725812A37002CDBC8 /* ImagePicker.swift */ = {isa = PBXFileReference; lastKnownFileType = sourcecode.swift; path = ImagePicker.swift; sourceTree = "<group>"; };
		707F4535258794180080EE77 /* UnreadBadgeView.swift */ = {isa = PBXFileReference; lastKnownFileType = sourcecode.swift; path = UnreadBadgeView.swift; sourceTree = "<group>"; };
		70807E132585DA66004DFA4E /* ChatRoomCell.swift */ = {isa = PBXFileReference; lastKnownFileType = sourcecode.swift; path = ChatRoomCell.swift; sourceTree = "<group>"; };
		70807E162585E3A1004DFA4E /* DateUtil.swift */ = {isa = PBXFileReference; lastKnownFileType = sourcecode.swift; path = DateUtil.swift; sourceTree = "<group>"; };
		70807E192585EAA2004DFA4E /* DateLabel.swift */ = {isa = PBXFileReference; lastKnownFileType = sourcecode.swift; path = DateLabel.swift; sourceTree = "<group>"; };
		70807E24258607B8004DFA4E /* DateLineView.swift */ = {isa = PBXFileReference; lastKnownFileType = sourcecode.swift; path = DateLineView.swift; sourceTree = "<group>"; };
		709B33D12586854E00B8A2FA /* UnreadMessageLabel.swift */ = {isa = PBXFileReference; lastKnownFileType = sourcecode.swift; path = UnreadMessageLabel.swift; sourceTree = "<group>"; };
		70C807472584838B00DA991B /* ChatSocketIOService.swift */ = {isa = PBXFileReference; lastKnownFileType = sourcecode.swift; path = ChatSocketIOService.swift; sourceTree = "<group>"; };
		70C8074A2584B79D00DA991B /* MessageModel.swift */ = {isa = PBXFileReference; lastKnownFileType = sourcecode.swift; path = MessageModel.swift; sourceTree = "<group>"; };
		70C8074E2584BDC100DA991B /* ChatTextInput.swift */ = {isa = PBXFileReference; lastKnownFileType = sourcecode.swift; path = ChatTextInput.swift; sourceTree = "<group>"; };
		70D7B880258120340022E3E3 /* GoogleService-Info.plist */ = {isa = PBXFileReference; fileEncoding = 4; lastKnownFileType = text.plist.xml; path = "GoogleService-Info.plist"; sourceTree = "<group>"; };
		70D7B88E258120E50022E3E3 /* DataService.swift */ = {isa = PBXFileReference; lastKnownFileType = sourcecode.swift; path = DataService.swift; sourceTree = "<group>"; };
		70D7B891258122E10022E3E3 /* UploadProfileImageView.swift */ = {isa = PBXFileReference; lastKnownFileType = sourcecode.swift; path = UploadProfileImageView.swift; sourceTree = "<group>"; };
		70F7475C2583CEE000A30594 /* ChatService.swift */ = {isa = PBXFileReference; lastKnownFileType = sourcecode.swift; path = ChatService.swift; sourceTree = "<group>"; };
		B71D41CCCB37716044D3EB10 /* Pods_IosNativeApp.framework */ = {isa = PBXFileReference; explicitFileType = wrapper.framework; includeInIndex = 0; path = Pods_IosNativeApp.framework; sourceTree = BUILT_PRODUCTS_DIR; };
		F7689F48E04FB28F9A4388DE /* Pods-IosNativeApp.debug.xcconfig */ = {isa = PBXFileReference; includeInIndex = 1; lastKnownFileType = text.xcconfig; name = "Pods-IosNativeApp.debug.xcconfig"; path = "Target Support Files/Pods-IosNativeApp/Pods-IosNativeApp.debug.xcconfig"; sourceTree = "<group>"; };
/* End PBXFileReference section */

/* Begin PBXFrameworksBuildPhase section */
		702811CA2580E6470037E9BF /* Frameworks */ = {
			isa = PBXFrameworksBuildPhase;
			buildActionMask = 2147483647;
			files = (
				14F67A675AC85434FBE15C06 /* Pods_IosNativeApp.framework in Frameworks */,
			);
			runOnlyForDeploymentPostprocessing = 0;
		};
/* End PBXFrameworksBuildPhase section */

/* Begin PBXGroup section */
		3D70CF73A6515B289DFB3DA1 /* Pods */ = {
			isa = PBXGroup;
			children = (
				F7689F48E04FB28F9A4388DE /* Pods-IosNativeApp.debug.xcconfig */,
				440B9FD199F0F22585E70253 /* Pods-IosNativeApp.release.xcconfig */,
			);
			path = Pods;
			sourceTree = "<group>";
		};
		702811C42580E6470037E9BF = {
			isa = PBXGroup;
			children = (
				702811CF2580E6470037E9BF /* IosNativeApp */,
				702811CE2580E6470037E9BF /* Products */,
				3D70CF73A6515B289DFB3DA1 /* Pods */,
				7A606C0E257BDE99ACBC7802 /* Frameworks */,
			);
			sourceTree = "<group>";
		};
		702811CE2580E6470037E9BF /* Products */ = {
			isa = PBXGroup;
			children = (
				702811CD2580E6470037E9BF /* IosNativeApp.app */,
			);
			name = Products;
			sourceTree = "<group>";
		};
		702811CF2580E6470037E9BF /* IosNativeApp */ = {
			isa = PBXGroup;
			children = (
				7072D74725825B0000A30009 /* Models */,
				706FC17A2580F533000A97E5 /* Extensions */,
				706FC1752580F165000A97E5 /* Views */,
				702811F92580EDD50037E9BF /* Constants */,
				702811F52580ED290037E9BF /* Services */,
				702811F42580ECFF0037E9BF /* Utils */,
				702811E52580E7210037E9BF /* Controllers */,
				702811D02580E6480037E9BF /* AppDelegate.swift */,
				702811D22580E6480037E9BF /* SceneDelegate.swift */,
				702811D42580E6480037E9BF /* ViewController.swift */,
				702811D62580E6480037E9BF /* Main.storyboard */,
				702811D92580E6480037E9BF /* Assets.xcassets */,
				702811DB2580E6480037E9BF /* LaunchScreen.storyboard */,
				702811DE2580E6490037E9BF /* Info.plist */,
				70D7B880258120340022E3E3 /* GoogleService-Info.plist */,
			);
			path = IosNativeApp;
			sourceTree = "<group>";
		};
		702811E52580E7210037E9BF /* Controllers */ = {
			isa = PBXGroup;
			children = (
				706FC1712580EFDF000A97E5 /* Auth */,
				702811EC2580E7560037E9BF /* Chat */,
				702811EB2580E7520037E9BF /* Chats */,
				702811E92580E7450037E9BF /* Users */,
				702811E62580E73E0037E9BF /* RootController.swift */,
			);
			path = Controllers;
			sourceTree = "<group>";
		};
		702811E92580E7450037E9BF /* Users */ = {
			isa = PBXGroup;
			children = (
				702811ED2580E7710037E9BF /* UsersController.swift */,
			);
			path = Users;
			sourceTree = "<group>";
		};
		702811EB2580E7520037E9BF /* Chats */ = {
			isa = PBXGroup;
			children = (
				702811F12580E8580037E9BF /* ChatsController.swift */,
			);
			path = Chats;
			sourceTree = "<group>";
		};
		702811EC2580E7560037E9BF /* Chat */ = {
			isa = PBXGroup;
			children = (
				7050A25F2584DAD700E1473C /* ChatControllerV2.swift */,
			);
			path = Chat;
			sourceTree = "<group>";
		};
		702811F42580ECFF0037E9BF /* Utils */ = {
			isa = PBXGroup;
			children = (
				707DD43725812A37002CDBC8 /* ImagePicker.swift */,
				70807E162585E3A1004DFA4E /* DateUtil.swift */,
			);
			path = Utils;
			sourceTree = "<group>";
		};
		702811F52580ED290037E9BF /* Services */ = {
			isa = PBXGroup;
			children = (
				702811F62580ED340037E9BF /* DeviceDataService.swift */,
				70D7B88E258120E50022E3E3 /* DataService.swift */,
				7072D7352582594900A30009 /* UserService.swift */,
				70F7475C2583CEE000A30594 /* ChatService.swift */,
				70C807472584838B00DA991B /* ChatSocketIOService.swift */,
				7050A26F2585491E00E1473C /* ChatsSocketIOService.swift */,
			);
			path = Services;
			sourceTree = "<group>";
		};
		702811F92580EDD50037E9BF /* Constants */ = {
			isa = PBXGroup;
			children = (
				702811FA2580EDE10037E9BF /* AuthConstants.swift */,
				706FC18125810A23000A97E5 /* RootConstants.swift */,
				7072D744258259E600A30009 /* EndpointConstants.swift */,
			);
			path = Constants;
			sourceTree = "<group>";
		};
		706FC1712580EFDF000A97E5 /* Auth */ = {
			isa = PBXGroup;
			children = (
				706FC1722580EFFC000A97E5 /* SignInController.swift */,
				706FC17E2581061F000A97E5 /* SignUpController.swift */,
			);
			path = Auth;
			sourceTree = "<group>";
		};
		706FC1752580F165000A97E5 /* Views */ = {
			isa = PBXGroup;
			children = (
				70807E122585DA53004DFA4E /* Chats */,
				70C8074D2584BDAC00DA991B /* Chat */,
				707D260725827C1800B784C9 /* Users */,
				706FC1762580F1B6000A97E5 /* TextInputTypeOne.swift */,
				70D7B891258122E10022E3E3 /* UploadProfileImageView.swift */,
				7072D74C25825E0500A30009 /* LoadingView.swift */,
				70807E192585EAA2004DFA4E /* DateLabel.swift */,
			);
			path = Views;
			sourceTree = "<group>";
		};
		706FC17A2580F533000A97E5 /* Extensions */ = {
			isa = PBXGroup;
			children = (
				706FC17B2580F548000A97E5 /* UIViewControllerExtensions.swift */,
				7072D74F25825F9600A30009 /* UIViewExtenstions.swift */,
				7050A2652584E6E400E1473C /* StringExtension.swift */,
			);
			path = Extensions;
			sourceTree = "<group>";
		};
		7072D74725825B0000A30009 /* Models */ = {
			isa = PBXGroup;
			children = (
				7072D74825825B0B00A30009 /* UserModel.swift */,
				70C8074A2584B79D00DA991B /* MessageModel.swift */,
				7050A26825851C7A00E1473C /* CursorModel.swift */,
				7050A272258553E800E1473C /* ChatRoomModel.swift */,
			);
			path = Models;
			sourceTree = "<group>";
		};
		707D260725827C1800B784C9 /* Users */ = {
			isa = PBXGroup;
			children = (
				707D260825827C2D00B784C9 /* UserCellTypeOne.swift */,
				707687D72583992700C7E519 /* UserProfileImageView.swift */,
			);
			path = Users;
			sourceTree = "<group>";
		};
		70807E122585DA53004DFA4E /* Chats */ = {
			isa = PBXGroup;
			children = (
				70807E132585DA66004DFA4E /* ChatRoomCell.swift */,
				707F4535258794180080EE77 /* UnreadBadgeView.swift */,
			);
			path = Chats;
			sourceTree = "<group>";
		};
		70C8074D2584BDAC00DA991B /* Chat */ = {
			isa = PBXGroup;
			children = (
				70C8074E2584BDC100DA991B /* ChatTextInput.swift */,
				7050A2622584E09600E1473C /* MyMessageCell.swift */,
				7050A26C25851F6F00E1473C /* OtherMessageCell.swift */,
				70807E24258607B8004DFA4E /* DateLineView.swift */,
				709B33D12586854E00B8A2FA /* UnreadMessageLabel.swift */,
			);
			path = Chat;
			sourceTree = "<group>";
		};
		7A606C0E257BDE99ACBC7802 /* Frameworks */ = {
			isa = PBXGroup;
			children = (
				B71D41CCCB37716044D3EB10 /* Pods_IosNativeApp.framework */,
			);
			name = Frameworks;
			sourceTree = "<group>";
		};
/* End PBXGroup section */

/* Begin PBXNativeTarget section */
		702811CC2580E6470037E9BF /* IosNativeApp */ = {
			isa = PBXNativeTarget;
			buildConfigurationList = 702811E12580E6490037E9BF /* Build configuration list for PBXNativeTarget "IosNativeApp" */;
			buildPhases = (
				47EEC4855DB3A01BD313679F /* [CP] Check Pods Manifest.lock */,
				702811C92580E6470037E9BF /* Sources */,
				702811CA2580E6470037E9BF /* Frameworks */,
				702811CB2580E6470037E9BF /* Resources */,
				E75456C0BE44F914CF7A4D1D /* [CP] Embed Pods Frameworks */,
			);
			buildRules = (
			);
			dependencies = (
			);
			name = IosNativeApp;
			productName = IosNativeApp;
			productReference = 702811CD2580E6470037E9BF /* IosNativeApp.app */;
			productType = "com.apple.product-type.application";
		};
/* End PBXNativeTarget section */

/* Begin PBXProject section */
		702811C52580E6470037E9BF /* Project object */ = {
			isa = PBXProject;
			attributes = {
				LastSwiftUpdateCheck = 1220;
				LastUpgradeCheck = 1220;
				TargetAttributes = {
					702811CC2580E6470037E9BF = {
						CreatedOnToolsVersion = 12.2;
					};
				};
			};
			buildConfigurationList = 702811C82580E6470037E9BF /* Build configuration list for PBXProject "IosNativeApp" */;
			compatibilityVersion = "Xcode 9.3";
			developmentRegion = en;
			hasScannedForEncodings = 0;
			knownRegions = (
				en,
				Base,
			);
			mainGroup = 702811C42580E6470037E9BF;
			productRefGroup = 702811CE2580E6470037E9BF /* Products */;
			projectDirPath = "";
			projectRoot = "";
			targets = (
				702811CC2580E6470037E9BF /* IosNativeApp */,
			);
		};
/* End PBXProject section */

/* Begin PBXResourcesBuildPhase section */
		702811CB2580E6470037E9BF /* Resources */ = {
			isa = PBXResourcesBuildPhase;
			buildActionMask = 2147483647;
			files = (
				702811DD2580E6480037E9BF /* LaunchScreen.storyboard in Resources */,
				70D7B881258120340022E3E3 /* GoogleService-Info.plist in Resources */,
				702811DA2580E6480037E9BF /* Assets.xcassets in Resources */,
				702811D82580E6480037E9BF /* Main.storyboard in Resources */,
			);
			runOnlyForDeploymentPostprocessing = 0;
		};
/* End PBXResourcesBuildPhase section */

/* Begin PBXShellScriptBuildPhase section */
		47EEC4855DB3A01BD313679F /* [CP] Check Pods Manifest.lock */ = {
			isa = PBXShellScriptBuildPhase;
			buildActionMask = 2147483647;
			files = (
			);
			inputFileListPaths = (
			);
			inputPaths = (
				"${PODS_PODFILE_DIR_PATH}/Podfile.lock",
				"${PODS_ROOT}/Manifest.lock",
			);
			name = "[CP] Check Pods Manifest.lock";
			outputFileListPaths = (
			);
			outputPaths = (
				"$(DERIVED_FILE_DIR)/Pods-IosNativeApp-checkManifestLockResult.txt",
			);
			runOnlyForDeploymentPostprocessing = 0;
			shellPath = /bin/sh;
			shellScript = "diff \"${PODS_PODFILE_DIR_PATH}/Podfile.lock\" \"${PODS_ROOT}/Manifest.lock\" > /dev/null\nif [ $? != 0 ] ; then\n    # print error to STDERR\n    echo \"error: The sandbox is not in sync with the Podfile.lock. Run 'pod install' or update your CocoaPods installation.\" >&2\n    exit 1\nfi\n# This output is used by Xcode 'outputs' to avoid re-running this script phase.\necho \"SUCCESS\" > \"${SCRIPT_OUTPUT_FILE_0}\"\n";
			showEnvVarsInLog = 0;
		};
		E75456C0BE44F914CF7A4D1D /* [CP] Embed Pods Frameworks */ = {
			isa = PBXShellScriptBuildPhase;
			buildActionMask = 2147483647;
			files = (
			);
			inputFileListPaths = (
				"${PODS_ROOT}/Target Support Files/Pods-IosNativeApp/Pods-IosNativeApp-frameworks-${CONFIGURATION}-input-files.xcfilelist",
			);
			name = "[CP] Embed Pods Frameworks";
			outputFileListPaths = (
				"${PODS_ROOT}/Target Support Files/Pods-IosNativeApp/Pods-IosNativeApp-frameworks-${CONFIGURATION}-output-files.xcfilelist",
			);
			runOnlyForDeploymentPostprocessing = 0;
			shellPath = /bin/sh;
			shellScript = "\"${PODS_ROOT}/Target Support Files/Pods-IosNativeApp/Pods-IosNativeApp-frameworks.sh\"\n";
			showEnvVarsInLog = 0;
		};
/* End PBXShellScriptBuildPhase section */

/* Begin PBXSourcesBuildPhase section */
		702811C92580E6470037E9BF /* Sources */ = {
			isa = PBXSourcesBuildPhase;
			buildActionMask = 2147483647;
			files = (
				706FC18225810A23000A97E5 /* RootConstants.swift in Sources */,
				7050A2662584E6E400E1473C /* StringExtension.swift in Sources */,
				70D7B88F258120E50022E3E3 /* DataService.swift in Sources */,
				702811D52580E6480037E9BF /* ViewController.swift in Sources */,
				70807E1A2585EAA2004DFA4E /* DateLabel.swift in Sources */,
				707F4536258794180080EE77 /* UnreadBadgeView.swift in Sources */,
				7050A2632584E09600E1473C /* MyMessageCell.swift in Sources */,
				706FC17C2580F548000A97E5 /* UIViewControllerExtensions.swift in Sources */,
				7072D745258259E600A30009 /* EndpointConstants.swift in Sources */,
				70F7475D2583CEE000A30594 /* ChatService.swift in Sources */,
				702811F72580ED340037E9BF /* DeviceDataService.swift in Sources */,
				702811EE2580E7710037E9BF /* UsersController.swift in Sources */,
				7050A273258553E800E1473C /* ChatRoomModel.swift in Sources */,
				70807E142585DA66004DFA4E /* ChatRoomCell.swift in Sources */,
				70C807482584838B00DA991B /* ChatSocketIOService.swift in Sources */,
				7072D7362582594900A30009 /* UserService.swift in Sources */,
				706FC1732580EFFD000A97E5 /* SignInController.swift in Sources */,
				702811D12580E6480037E9BF /* AppDelegate.swift in Sources */,
				70D7B892258122E10022E3E3 /* UploadProfileImageView.swift in Sources */,
				70807E25258607B8004DFA4E /* DateLineView.swift in Sources */,
				707D260925827C2D00B784C9 /* UserCellTypeOne.swift in Sources */,
				7050A2602584DAD700E1473C /* ChatControllerV2.swift in Sources */,
				709B33D22586854E00B8A2FA /* UnreadMessageLabel.swift in Sources */,
				702811D32580E6480037E9BF /* SceneDelegate.swift in Sources */,
				70C8074B2584B79D00DA991B /* MessageModel.swift in Sources */,
				706FC1772580F1B6000A97E5 /* TextInputTypeOne.swift in Sources */,
				7050A2702585491E00E1473C /* ChatsSocketIOService.swift in Sources */,
				707687D82583992700C7E519 /* UserProfileImageView.swift in Sources */,
				7072D75025825F9600A30009 /* UIViewExtenstions.swift in Sources */,
				7072D74D25825E0500A30009 /* LoadingView.swift in Sources */,
				702811E72580E73E0037E9BF /* RootController.swift in Sources */,
				7050A26D25851F6F00E1473C /* OtherMessageCell.swift in Sources */,
				702811F22580E8580037E9BF /* ChatsController.swift in Sources */,
				70C8074F2584BDC100DA991B /* ChatTextInput.swift in Sources */,
				7050A26925851C7A00E1473C /* CursorModel.swift in Sources */,
				7072D74925825B0B00A30009 /* UserModel.swift in Sources */,
				707DD43825812A37002CDBC8 /* ImagePicker.swift in Sources */,
				70807E172585E3A1004DFA4E /* DateUtil.swift in Sources */,
				702811FB2580EDE10037E9BF /* AuthConstants.swift in Sources */,
				706FC17F2581061F000A97E5 /* SignUpController.swift in Sources */,
			);
			runOnlyForDeploymentPostprocessing = 0;
		};
/* End PBXSourcesBuildPhase section */

/* Begin PBXVariantGroup section */
		702811D62580E6480037E9BF /* Main.storyboard */ = {
			isa = PBXVariantGroup;
			children = (
				702811D72580E6480037E9BF /* Base */,
			);
			name = Main.storyboard;
			sourceTree = "<group>";
		};
		702811DB2580E6480037E9BF /* LaunchScreen.storyboard */ = {
			isa = PBXVariantGroup;
			children = (
				702811DC2580E6480037E9BF /* Base */,
			);
			name = LaunchScreen.storyboard;
			sourceTree = "<group>";
		};
/* End PBXVariantGroup section */

/* Begin XCBuildConfiguration section */
		702811DF2580E6490037E9BF /* Debug */ = {
			isa = XCBuildConfiguration;
			buildSettings = {
				ALWAYS_SEARCH_USER_PATHS = NO;
				CLANG_ANALYZER_NONNULL = YES;
				CLANG_ANALYZER_NUMBER_OBJECT_CONVERSION = YES_AGGRESSIVE;
				CLANG_CXX_LANGUAGE_STANDARD = "gnu++14";
				CLANG_CXX_LIBRARY = "libc++";
				CLANG_ENABLE_MODULES = YES;
				CLANG_ENABLE_OBJC_ARC = YES;
				CLANG_ENABLE_OBJC_WEAK = YES;
				CLANG_WARN_BLOCK_CAPTURE_AUTORELEASING = YES;
				CLANG_WARN_BOOL_CONVERSION = YES;
				CLANG_WARN_COMMA = YES;
				CLANG_WARN_CONSTANT_CONVERSION = YES;
				CLANG_WARN_DEPRECATED_OBJC_IMPLEMENTATIONS = YES;
				CLANG_WARN_DIRECT_OBJC_ISA_USAGE = YES_ERROR;
				CLANG_WARN_DOCUMENTATION_COMMENTS = YES;
				CLANG_WARN_EMPTY_BODY = YES;
				CLANG_WARN_ENUM_CONVERSION = YES;
				CLANG_WARN_INFINITE_RECURSION = YES;
				CLANG_WARN_INT_CONVERSION = YES;
				CLANG_WARN_NON_LITERAL_NULL_CONVERSION = YES;
				CLANG_WARN_OBJC_IMPLICIT_RETAIN_SELF = YES;
				CLANG_WARN_OBJC_LITERAL_CONVERSION = YES;
				CLANG_WARN_OBJC_ROOT_CLASS = YES_ERROR;
				CLANG_WARN_QUOTED_INCLUDE_IN_FRAMEWORK_HEADER = YES;
				CLANG_WARN_RANGE_LOOP_ANALYSIS = YES;
				CLANG_WARN_STRICT_PROTOTYPES = YES;
				CLANG_WARN_SUSPICIOUS_MOVE = YES;
				CLANG_WARN_UNGUARDED_AVAILABILITY = YES_AGGRESSIVE;
				CLANG_WARN_UNREACHABLE_CODE = YES;
				CLANG_WARN__DUPLICATE_METHOD_MATCH = YES;
				COPY_PHASE_STRIP = NO;
				DEBUG_INFORMATION_FORMAT = dwarf;
				ENABLE_STRICT_OBJC_MSGSEND = YES;
				ENABLE_TESTABILITY = YES;
				GCC_C_LANGUAGE_STANDARD = gnu11;
				GCC_DYNAMIC_NO_PIC = NO;
				GCC_NO_COMMON_BLOCKS = YES;
				GCC_OPTIMIZATION_LEVEL = 0;
				GCC_PREPROCESSOR_DEFINITIONS = (
					"DEBUG=1",
					"$(inherited)",
				);
				GCC_WARN_64_TO_32_BIT_CONVERSION = YES;
				GCC_WARN_ABOUT_RETURN_TYPE = YES_ERROR;
				GCC_WARN_UNDECLARED_SELECTOR = YES;
				GCC_WARN_UNINITIALIZED_AUTOS = YES_AGGRESSIVE;
				GCC_WARN_UNUSED_FUNCTION = YES;
				GCC_WARN_UNUSED_VARIABLE = YES;
				IPHONEOS_DEPLOYMENT_TARGET = 14.2;
				MTL_ENABLE_DEBUG_INFO = INCLUDE_SOURCE;
				MTL_FAST_MATH = YES;
				ONLY_ACTIVE_ARCH = YES;
				SDKROOT = iphoneos;
				SWIFT_ACTIVE_COMPILATION_CONDITIONS = DEBUG;
				SWIFT_OPTIMIZATION_LEVEL = "-Onone";
			};
			name = Debug;
		};
		702811E02580E6490037E9BF /* Release */ = {
			isa = XCBuildConfiguration;
			buildSettings = {
				ALWAYS_SEARCH_USER_PATHS = NO;
				CLANG_ANALYZER_NONNULL = YES;
				CLANG_ANALYZER_NUMBER_OBJECT_CONVERSION = YES_AGGRESSIVE;
				CLANG_CXX_LANGUAGE_STANDARD = "gnu++14";
				CLANG_CXX_LIBRARY = "libc++";
				CLANG_ENABLE_MODULES = YES;
				CLANG_ENABLE_OBJC_ARC = YES;
				CLANG_ENABLE_OBJC_WEAK = YES;
				CLANG_WARN_BLOCK_CAPTURE_AUTORELEASING = YES;
				CLANG_WARN_BOOL_CONVERSION = YES;
				CLANG_WARN_COMMA = YES;
				CLANG_WARN_CONSTANT_CONVERSION = YES;
				CLANG_WARN_DEPRECATED_OBJC_IMPLEMENTATIONS = YES;
				CLANG_WARN_DIRECT_OBJC_ISA_USAGE = YES_ERROR;
				CLANG_WARN_DOCUMENTATION_COMMENTS = YES;
				CLANG_WARN_EMPTY_BODY = YES;
				CLANG_WARN_ENUM_CONVERSION = YES;
				CLANG_WARN_INFINITE_RECURSION = YES;
				CLANG_WARN_INT_CONVERSION = YES;
				CLANG_WARN_NON_LITERAL_NULL_CONVERSION = YES;
				CLANG_WARN_OBJC_IMPLICIT_RETAIN_SELF = YES;
				CLANG_WARN_OBJC_LITERAL_CONVERSION = YES;
				CLANG_WARN_OBJC_ROOT_CLASS = YES_ERROR;
				CLANG_WARN_QUOTED_INCLUDE_IN_FRAMEWORK_HEADER = YES;
				CLANG_WARN_RANGE_LOOP_ANALYSIS = YES;
				CLANG_WARN_STRICT_PROTOTYPES = YES;
				CLANG_WARN_SUSPICIOUS_MOVE = YES;
				CLANG_WARN_UNGUARDED_AVAILABILITY = YES_AGGRESSIVE;
				CLANG_WARN_UNREACHABLE_CODE = YES;
				CLANG_WARN__DUPLICATE_METHOD_MATCH = YES;
				COPY_PHASE_STRIP = NO;
				DEBUG_INFORMATION_FORMAT = "dwarf-with-dsym";
				ENABLE_NS_ASSERTIONS = NO;
				ENABLE_STRICT_OBJC_MSGSEND = YES;
				GCC_C_LANGUAGE_STANDARD = gnu11;
				GCC_NO_COMMON_BLOCKS = YES;
				GCC_WARN_64_TO_32_BIT_CONVERSION = YES;
				GCC_WARN_ABOUT_RETURN_TYPE = YES_ERROR;
				GCC_WARN_UNDECLARED_SELECTOR = YES;
				GCC_WARN_UNINITIALIZED_AUTOS = YES_AGGRESSIVE;
				GCC_WARN_UNUSED_FUNCTION = YES;
				GCC_WARN_UNUSED_VARIABLE = YES;
				IPHONEOS_DEPLOYMENT_TARGET = 14.2;
				MTL_ENABLE_DEBUG_INFO = NO;
				MTL_FAST_MATH = YES;
				SDKROOT = iphoneos;
				SWIFT_COMPILATION_MODE = wholemodule;
				SWIFT_OPTIMIZATION_LEVEL = "-O";
				VALIDATE_PRODUCT = YES;
			};
			name = Release;
		};
		702811E22580E6490037E9BF /* Debug */ = {
			isa = XCBuildConfiguration;
			baseConfigurationReference = F7689F48E04FB28F9A4388DE /* Pods-IosNativeApp.debug.xcconfig */;
			buildSettings = {
				ASSETCATALOG_COMPILER_APPICON_NAME = AppIcon;
				ASSETCATALOG_COMPILER_GLOBAL_ACCENT_COLOR_NAME = AccentColor;
				CODE_SIGN_STYLE = Automatic;
				DEVELOPMENT_TEAM = YV58Q28W8Z;
				INFOPLIST_FILE = IosNativeApp/Info.plist;
				LD_RUNPATH_SEARCH_PATHS = (
					"$(inherited)",
					"@executable_path/Frameworks",
				);
				PRODUCT_BUNDLE_IDENTIFIER = com.petmily.IosNativeApp;
				PRODUCT_NAME = "$(TARGET_NAME)";
				SWIFT_VERSION = 5.0;
				TARGETED_DEVICE_FAMILY = "1,2";
			};
			name = Debug;
		};
		702811E32580E6490037E9BF /* Release */ = {
			isa = XCBuildConfiguration;
			baseConfigurationReference = 440B9FD199F0F22585E70253 /* Pods-IosNativeApp.release.xcconfig */;
			buildSettings = {
				ASSETCATALOG_COMPILER_APPICON_NAME = AppIcon;
				ASSETCATALOG_COMPILER_GLOBAL_ACCENT_COLOR_NAME = AccentColor;
				CODE_SIGN_STYLE = Automatic;
				DEVELOPMENT_TEAM = YV58Q28W8Z;
				INFOPLIST_FILE = IosNativeApp/Info.plist;
				LD_RUNPATH_SEARCH_PATHS = (
					"$(inherited)",
					"@executable_path/Frameworks",
				);
				PRODUCT_BUNDLE_IDENTIFIER = com.petmily.IosNativeApp;
				PRODUCT_NAME = "$(TARGET_NAME)";
				SWIFT_VERSION = 5.0;
				TARGETED_DEVICE_FAMILY = "1,2";
			};
			name = Release;
		};
/* End XCBuildConfiguration section */

/* Begin XCConfigurationList section */
		702811C82580E6470037E9BF /* Build configuration list for PBXProject "IosNativeApp" */ = {
			isa = XCConfigurationList;
			buildConfigurations = (
				702811DF2580E6490037E9BF /* Debug */,
				702811E02580E6490037E9BF /* Release */,
			);
			defaultConfigurationIsVisible = 0;
			defaultConfigurationName = Release;
		};
		702811E12580E6490037E9BF /* Build configuration list for PBXNativeTarget "IosNativeApp" */ = {
			isa = XCConfigurationList;
			buildConfigurations = (
				702811E22580E6490037E9BF /* Debug */,
				702811E32580E6490037E9BF /* Release */,
			);
			defaultConfigurationIsVisible = 0;
			defaultConfigurationName = Release;
		};
/* End XCConfigurationList section */
	};
	rootObject = 702811C52580E6470037E9BF /* Project object */;
}
